
Microsoft Visual Studio Solution File, Format Version 12.00
# Visual Studio Version 17
VisualStudioVersion = 17.7.34003.232
MinimumVisualStudioVersion = 10.0.40219.1
Project("{FAE04EC0-301F-11D3-BF4B-00C04F79EFBC}") = "SHINIGAMI.Application", "EFTest\SHINIGAMI.Application.csproj", "{D7B9A8F5-5697-489A-8D55-0E6F4D4F744A}"
EndProject
Project("{9A19103F-16F7-4668-BE54-9A1E7A4F7556}") = "SHINIGAMI.BUSINESS", "SHINIGAMI.BUSINESS\SHINIGAMI.BUSINESS.csproj", "{00B6A72F-A223-4178-B2B4-E8C9B438FC80}"
EndProject
Global
	GlobalSection(SolutionConfigurationPlatforms) = preSolution
		Debug|Any CPU = Debug|Any CPU
		Release|Any CPU = Release|Any CPU
	EndGlobalSection
	GlobalSection(ProjectConfigurationPlatforms) = postSolution
		{D7B9A8F5-5697-489A-8D55-0E6F4D4F744A}.Debug|Any CPU.ActiveCfg = Debug|Any CPU
		{D7B9A8F5-5697-489A-8D55-0E6F4D4F744A}.Debug|Any CPU.Build.0 = Debug|Any CPU
		{D7B9A8F5-5697-489A-8D55-0E6F4D4F744A}.Release|Any CPU.ActiveCfg = Release|Any CPU
		{D7B9A8F5-5697-489A-8D55-0E6F4D4F744A}.Release|Any CPU.Build.0 = Release|Any CPU
		{00B6A72F-A223-4178-B2B4-E8C9B438FC80}.Debug|Any CPU.ActiveCfg = Debug|Any CPU
		{00B6A72F-A223-4178-B2B4-E8C9B438FC80}.Debug|Any CPU.Build.0 = Debug|Any CPU
		{00B6A72F-A223-4178-B2B4-E8C9B438FC80}.Release|Any CPU.ActiveCfg = Release|Any CPU
		{00B6A72F-A223-4178-B2B4-E8C9B438FC80}.Release|Any CPU.Build.0 = Release|Any CPU
	EndGlobalSection
	GlobalSection(SolutionProperties) = preSolution
		HideSolutionNode = FALSE
	EndGlobalSection
	GlobalSection(ExtensibilityGlobals) = postSolution
		SolutionGuid = {E0A793BB-331E-4C2B-BE55-97A9E0C0A850}
	EndGlobalSection
EndGlobal
